
Microsoft Visual Studio Solution File, Format Version 12.00
# Visual Studio Version 17
VisualStudioVersion = 17.1.32210.238
MinimumVisualStudioVersion = 10.0.40219.1
Project("{FAE04EC0-301F-11D3-BF4B-00C04F79EFBC}") = "GenericListConsoleApp", "GenericListConsoleApp\GenericListConsoleApp.csproj", "{4696C17B-E270-4A27-9BC0-0E876C66246B}"
EndProject
Global
	GlobalSection(SolutionConfigurationPlatforms) = preSolution
		Debug|Any CPU = Debug|Any CPU
		Release|Any CPU = Release|Any CPU
	EndGlobalSection
	GlobalSection(ProjectConfigurationPlatforms) = postSolution
		{4696C17B-E270-4A27-9BC0-0E876C66246B}.Debug|Any CPU.ActiveCfg = Debug|Any CPU
		{4696C17B-E270-4A27-9BC0-0E876C66246B}.Debug|Any CPU.Build.0 = Debug|Any CPU
		{4696C17B-E270-4A27-9BC0-0E876C66246B}.Release|Any CPU.ActiveCfg = Release|Any CPU
		{4696C17B-E270-4A27-9BC0-0E876C66246B}.Release|Any CPU.Build.0 = Release|Any CPU
	EndGlobalSection
	GlobalSection(SolutionProperties) = preSolution
		HideSolutionNode = FALSE
	EndGlobalSection
	GlobalSection(ExtensibilityGlobals) = postSolution
		SolutionGuid = {B36446F0-ECAB-4695-9994-60E20AC18371}
	EndGlobalSection
EndGlobal
